
Microsoft Visual Studio Solution File, Format Version 12.00
# Visual Studio Version 16
VisualStudioVersion = 16.0.30413.136
MinimumVisualStudioVersion = 10.0.40219.1
Project("{9A19103F-16F7-4668-BE54-9A1E7A4F7556}") = "Assignment3", "Assignment3.csproj", "{B09F5D94-EFA4-4163-999F-D38AD165947F}"
EndProject
Project("{FAE04EC0-301F-11D3-BF4B-00C04F79EFBC}") = "Assignment3_UnitTest", "..\Assignment3_UnitTest\Assignment3_UnitTest.csproj", "{52D223BB-9920-4C46-A4E8-D2A5CA7C8C88}"
EndProject
Global
	GlobalSection(SolutionConfigurationPlatforms) = preSolution
		Debug|Any CPU = Debug|Any CPU
		Release|Any CPU = Release|Any CPU
	EndGlobalSection
	GlobalSection(ProjectConfigurationPlatforms) = postSolution
		{B09F5D94-EFA4-4163-999F-D38AD165947F}.Debug|Any CPU.ActiveCfg = Debug|Any CPU
		{B09F5D94-EFA4-4163-999F-D38AD165947F}.Debug|Any CPU.Build.0 = Debug|Any CPU
		{B09F5D94-EFA4-4163-999F-D38AD165947F}.Release|Any CPU.ActiveCfg = Release|Any CPU
		{B09F5D94-EFA4-4163-999F-D38AD165947F}.Release|Any CPU.Build.0 = Release|Any CPU
		{52D223BB-9920-4C46-A4E8-D2A5CA7C8C88}.Debug|Any CPU.ActiveCfg = Debug|Any CPU
		{52D223BB-9920-4C46-A4E8-D2A5CA7C8C88}.Debug|Any CPU.Build.0 = Debug|Any CPU
		{52D223BB-9920-4C46-A4E8-D2A5CA7C8C88}.Release|Any CPU.ActiveCfg = Release|Any CPU
		{52D223BB-9920-4C46-A4E8-D2A5CA7C8C88}.Release|Any CPU.Build.0 = Release|Any CPU
	EndGlobalSection
	GlobalSection(SolutionProperties) = preSolution
		HideSolutionNode = FALSE
	EndGlobalSection
	GlobalSection(ExtensibilityGlobals) = postSolution
		SolutionGuid = {2D278B2D-B785-4D65-868E-4A5B509AA9F2}
	EndGlobalSection
EndGlobal
